// !$*UTF8*$!
{
	archiveVersion = 1;
	classes = {
	};
	objectVersion = 52;
	objects = {

/* Begin PBXBuildFile section */
		03801716516AEF191AF86FBD /* libPods-SheduleAppTests.a in Frameworks */ = {isa = PBXBuildFile; fileRef = A958AF0B42EA9702C60054B4 /* libPods-SheduleAppTests.a */; };
		A106A38399159236FA84DA8E /* libPods-SheduleApp-SheduleAppUITests.a in Frameworks */ = {isa = PBXBuildFile; fileRef = 6933673E722DFD637E36DEB4 /* libPods-SheduleApp-SheduleAppUITests.a */; };
		D715EFC224FED5EA00FE09A8 /* Sample.swift in Sources */ = {isa = PBXBuildFile; fileRef = D715EFC124FED5EA00FE09A8 /* Sample.swift */; };
		D78BE1AC250EC64F00C7A1BC /* EditIconButtonParts.swift in Sources */ = {isa = PBXBuildFile; fileRef = D78BE1AB250EC64F00C7A1BC /* EditIconButtonParts.swift */; };
		D793C58E24FC4DBA00052127 /* AppDelegate.swift in Sources */ = {isa = PBXBuildFile; fileRef = D793C58D24FC4DBA00052127 /* AppDelegate.swift */; };
		D793C59024FC4DBA00052127 /* SceneDelegate.swift in Sources */ = {isa = PBXBuildFile; fileRef = D793C58F24FC4DBA00052127 /* SceneDelegate.swift */; };
		D793C59324FC4DBA00052127 /* SheduleApp.xcdatamodeld in Sources */ = {isa = PBXBuildFile; fileRef = D793C59124FC4DBA00052127 /* SheduleApp.xcdatamodeld */; };
		D793C59524FC4DBA00052127 /* ContentView.swift in Sources */ = {isa = PBXBuildFile; fileRef = D793C59424FC4DBA00052127 /* ContentView.swift */; };
		D793C59724FC4DBB00052127 /* Assets.xcassets in Resources */ = {isa = PBXBuildFile; fileRef = D793C59624FC4DBB00052127 /* Assets.xcassets */; };
		D793C59A24FC4DBB00052127 /* Preview Assets.xcassets in Resources */ = {isa = PBXBuildFile; fileRef = D793C59924FC4DBB00052127 /* Preview Assets.xcassets */; };
		D793C59D24FC4DBB00052127 /* LaunchScreen.storyboard in Resources */ = {isa = PBXBuildFile; fileRef = D793C59B24FC4DBB00052127 /* LaunchScreen.storyboard */; };
		D793C5A824FC4DBC00052127 /* SheduleAppTests.swift in Sources */ = {isa = PBXBuildFile; fileRef = D793C5A724FC4DBC00052127 /* SheduleAppTests.swift */; };
		D793C5B324FC4DBC00052127 /* SheduleAppUITests.swift in Sources */ = {isa = PBXBuildFile; fileRef = D793C5B224FC4DBC00052127 /* SheduleAppUITests.swift */; };
		D7B409642505840000BFF61E /* SheduleModel.swift in Sources */ = {isa = PBXBuildFile; fileRef = D7B409502505840000BFF61E /* SheduleModel.swift */; };
		D7B409652505840000BFF61E /* EditingFloatingActionButton.swift in Sources */ = {isa = PBXBuildFile; fileRef = D7B409522505840000BFF61E /* EditingFloatingActionButton.swift */; };
		D7B409672505840000BFF61E /* DeadlineParts.swift in Sources */ = {isa = PBXBuildFile; fileRef = D7B409542505840000BFF61E /* DeadlineParts.swift */; };
		D7B409682505840000BFF61E /* EditingView.swift in Sources */ = {isa = PBXBuildFile; fileRef = D7B409552505840000BFF61E /* EditingView.swift */; };
		D7B409692505840000BFF61E /* SubmitButtonParts.swift in Sources */ = {isa = PBXBuildFile; fileRef = D7B409562505840000BFF61E /* SubmitButtonParts.swift */; };
		D7B4096B2505840000BFF61E /* TextFieldParts.swift in Sources */ = {isa = PBXBuildFile; fileRef = D7B409582505840000BFF61E /* TextFieldParts.swift */; };
		D7B4096D2505840000BFF61E /* CardView.swift in Sources */ = {isa = PBXBuildFile; fileRef = D7B4095B2505840000BFF61E /* CardView.swift */; };
		D7B4096F2505840000BFF61E /* SheduleView.swift in Sources */ = {isa = PBXBuildFile; fileRef = D7B4095D2505840000BFF61E /* SheduleView.swift */; };
		D7B409702505840000BFF61E /* InputModifier.swift in Sources */ = {isa = PBXBuildFile; fileRef = D7B4095F2505840000BFF61E /* InputModifier.swift */; };
		D7B409712505840000BFF61E /* CustomDateFormatter.swift in Sources */ = {isa = PBXBuildFile; fileRef = D7B409602505840000BFF61E /* CustomDateFormatter.swift */; };
		D7B409722505840000BFF61E /* DateUtils.swift in Sources */ = {isa = PBXBuildFile; fileRef = D7B409612505840000BFF61E /* DateUtils.swift */; };
		D7B409732505840000BFF61E /* SheduleViewModel.swift in Sources */ = {isa = PBXBuildFile; fileRef = D7B409632505840000BFF61E /* SheduleViewModel.swift */; };
		D7B409772505883900BFF61E /* UserView.swift in Sources */ = {isa = PBXBuildFile; fileRef = D7B409762505883900BFF61E /* UserView.swift */; };
		D7BF04EB2502CC68003D66F6 /* SampleModel.swift in Sources */ = {isa = PBXBuildFile; fileRef = D7BF04EA2502CC68003D66F6 /* SampleModel.swift */; };
		D7BF04ED2502F69B003D66F6 /* SampleViewModel.swift in Sources */ = {isa = PBXBuildFile; fileRef = D7BF04EC2502F69B003D66F6 /* SampleViewModel.swift */; };
		D7BF04EF25030820003D66F6 /* Podfile in Resources */ = {isa = PBXBuildFile; fileRef = D7BF04EE25030820003D66F6 /* Podfile */; };
		D7BF04F325030D32003D66F6 /* .swiftlint.yml in Resources */ = {isa = PBXBuildFile; fileRef = D7BF04F225030D32003D66F6 /* .swiftlint.yml */; };
		D7CADE9224FEDE1800AF7169 /* Realm in Frameworks */ = {isa = PBXBuildFile; productRef = D7CADE9124FEDE1800AF7169 /* Realm */; };
		D7CADE9424FEDE1800AF7169 /* RealmSwift in Frameworks */ = {isa = PBXBuildFile; productRef = D7CADE9324FEDE1800AF7169 /* RealmSwift */; };
/* End PBXBuildFile section */

/* Begin PBXContainerItemProxy section */
		D793C5A424FC4DBC00052127 /* PBXContainerItemProxy */ = {
			isa = PBXContainerItemProxy;
			containerPortal = D793C58224FC4DBA00052127 /* Project object */;
			proxyType = 1;
			remoteGlobalIDString = D793C58924FC4DBA00052127;
			remoteInfo = SheduleApp;
		};
		D793C5AF24FC4DBC00052127 /* PBXContainerItemProxy */ = {
			isa = PBXContainerItemProxy;
			containerPortal = D793C58224FC4DBA00052127 /* Project object */;
			proxyType = 1;
			remoteGlobalIDString = D793C58924FC4DBA00052127;
			remoteInfo = SheduleApp;
		};
/* End PBXContainerItemProxy section */

/* Begin PBXFileReference section */
		3A43D215911861FB6BC132E0 /* Pods-SheduleApp-SheduleAppUITests.release.xcconfig */ = {isa = PBXFileReference; includeInIndex = 1; lastKnownFileType = text.xcconfig; name = "Pods-SheduleApp-SheduleAppUITests.release.xcconfig"; path = "Target Support Files/Pods-SheduleApp-SheduleAppUITests/Pods-SheduleApp-SheduleAppUITests.release.xcconfig"; sourceTree = "<group>"; };
		3C80A590A3F5720AB806D12B /* Pods-SheduleApp.release.xcconfig */ = {isa = PBXFileReference; includeInIndex = 1; lastKnownFileType = text.xcconfig; name = "Pods-SheduleApp.release.xcconfig"; path = "Target Support Files/Pods-SheduleApp/Pods-SheduleApp.release.xcconfig"; sourceTree = "<group>"; };
		4F660789AC22A41893B39BBF /* Pods-SheduleApp-SheduleAppUITests.debug.xcconfig */ = {isa = PBXFileReference; includeInIndex = 1; lastKnownFileType = text.xcconfig; name = "Pods-SheduleApp-SheduleAppUITests.debug.xcconfig"; path = "Target Support Files/Pods-SheduleApp-SheduleAppUITests/Pods-SheduleApp-SheduleAppUITests.debug.xcconfig"; sourceTree = "<group>"; };
		572FA76EF1F4B64FA82EB699 /* Pods-SheduleAppTests.release.xcconfig */ = {isa = PBXFileReference; includeInIndex = 1; lastKnownFileType = text.xcconfig; name = "Pods-SheduleAppTests.release.xcconfig"; path = "Target Support Files/Pods-SheduleAppTests/Pods-SheduleAppTests.release.xcconfig"; sourceTree = "<group>"; };
		5F04511DCA95BA12E1A56DC6 /* Pods-SheduleApp.debug.xcconfig */ = {isa = PBXFileReference; includeInIndex = 1; lastKnownFileType = text.xcconfig; name = "Pods-SheduleApp.debug.xcconfig"; path = "Target Support Files/Pods-SheduleApp/Pods-SheduleApp.debug.xcconfig"; sourceTree = "<group>"; };
		6933673E722DFD637E36DEB4 /* libPods-SheduleApp-SheduleAppUITests.a */ = {isa = PBXFileReference; explicitFileType = archive.ar; includeInIndex = 0; path = "libPods-SheduleApp-SheduleAppUITests.a"; sourceTree = BUILT_PRODUCTS_DIR; };
		A958AF0B42EA9702C60054B4 /* libPods-SheduleAppTests.a */ = {isa = PBXFileReference; explicitFileType = archive.ar; includeInIndex = 0; path = "libPods-SheduleAppTests.a"; sourceTree = BUILT_PRODUCTS_DIR; };
		C7E132DB3659FDA8C42927FF /* libPods-SheduleApp.a */ = {isa = PBXFileReference; explicitFileType = archive.ar; includeInIndex = 0; path = "libPods-SheduleApp.a"; sourceTree = BUILT_PRODUCTS_DIR; };
		D115381DDBC8B923130F74DB /* Pods-SheduleAppTests.debug.xcconfig */ = {isa = PBXFileReference; includeInIndex = 1; lastKnownFileType = text.xcconfig; name = "Pods-SheduleAppTests.debug.xcconfig"; path = "Target Support Files/Pods-SheduleAppTests/Pods-SheduleAppTests.debug.xcconfig"; sourceTree = "<group>"; };
		D715EFC124FED5EA00FE09A8 /* Sample.swift */ = {isa = PBXFileReference; lastKnownFileType = sourcecode.swift; path = Sample.swift; sourceTree = "<group>"; };
		D78BE1AB250EC64F00C7A1BC /* EditIconButtonParts.swift */ = {isa = PBXFileReference; lastKnownFileType = sourcecode.swift; path = EditIconButtonParts.swift; sourceTree = "<group>"; };
		D793C58A24FC4DBA00052127 /* SheduleApp.app */ = {isa = PBXFileReference; explicitFileType = wrapper.application; includeInIndex = 0; path = SheduleApp.app; sourceTree = BUILT_PRODUCTS_DIR; };
		D793C58D24FC4DBA00052127 /* AppDelegate.swift */ = {isa = PBXFileReference; lastKnownFileType = sourcecode.swift; path = AppDelegate.swift; sourceTree = "<group>"; };
		D793C58F24FC4DBA00052127 /* SceneDelegate.swift */ = {isa = PBXFileReference; lastKnownFileType = sourcecode.swift; path = SceneDelegate.swift; sourceTree = "<group>"; };
		D793C59224FC4DBA00052127 /* SheduleApp.xcdatamodel */ = {isa = PBXFileReference; lastKnownFileType = wrapper.xcdatamodel; path = SheduleApp.xcdatamodel; sourceTree = "<group>"; };
		D793C59424FC4DBA00052127 /* ContentView.swift */ = {isa = PBXFileReference; lastKnownFileType = sourcecode.swift; path = ContentView.swift; sourceTree = "<group>"; };
		D793C59624FC4DBB00052127 /* Assets.xcassets */ = {isa = PBXFileReference; lastKnownFileType = folder.assetcatalog; path = Assets.xcassets; sourceTree = "<group>"; };
		D793C59924FC4DBB00052127 /* Preview Assets.xcassets */ = {isa = PBXFileReference; lastKnownFileType = folder.assetcatalog; path = "Preview Assets.xcassets"; sourceTree = "<group>"; };
		D793C59C24FC4DBB00052127 /* Base */ = {isa = PBXFileReference; lastKnownFileType = file.storyboard; name = Base; path = Base.lproj/LaunchScreen.storyboard; sourceTree = "<group>"; };
		D793C59E24FC4DBB00052127 /* Info.plist */ = {isa = PBXFileReference; lastKnownFileType = text.plist.xml; path = Info.plist; sourceTree = "<group>"; };
		D793C5A324FC4DBC00052127 /* SheduleAppTests.xctest */ = {isa = PBXFileReference; explicitFileType = wrapper.cfbundle; includeInIndex = 0; path = SheduleAppTests.xctest; sourceTree = BUILT_PRODUCTS_DIR; };
		D793C5A724FC4DBC00052127 /* SheduleAppTests.swift */ = {isa = PBXFileReference; lastKnownFileType = sourcecode.swift; path = SheduleAppTests.swift; sourceTree = "<group>"; };
		D793C5A924FC4DBC00052127 /* Info.plist */ = {isa = PBXFileReference; lastKnownFileType = text.plist.xml; path = Info.plist; sourceTree = "<group>"; };
		D793C5AE24FC4DBC00052127 /* SheduleAppUITests.xctest */ = {isa = PBXFileReference; explicitFileType = wrapper.cfbundle; includeInIndex = 0; path = SheduleAppUITests.xctest; sourceTree = BUILT_PRODUCTS_DIR; };
		D793C5B224FC4DBC00052127 /* SheduleAppUITests.swift */ = {isa = PBXFileReference; lastKnownFileType = sourcecode.swift; path = SheduleAppUITests.swift; sourceTree = "<group>"; };
		D793C5B424FC4DBC00052127 /* Info.plist */ = {isa = PBXFileReference; lastKnownFileType = text.plist.xml; path = Info.plist; sourceTree = "<group>"; };
		D7B409502505840000BFF61E /* SheduleModel.swift */ = {isa = PBXFileReference; fileEncoding = 4; lastKnownFileType = sourcecode.swift; path = SheduleModel.swift; sourceTree = "<group>"; };
		D7B409522505840000BFF61E /* EditingFloatingActionButton.swift */ = {isa = PBXFileReference; fileEncoding = 4; lastKnownFileType = sourcecode.swift; path = EditingFloatingActionButton.swift; sourceTree = "<group>"; };
		D7B409542505840000BFF61E /* DeadlineParts.swift */ = {isa = PBXFileReference; fileEncoding = 4; lastKnownFileType = sourcecode.swift; path = DeadlineParts.swift; sourceTree = "<group>"; };
		D7B409552505840000BFF61E /* EditingView.swift */ = {isa = PBXFileReference; fileEncoding = 4; lastKnownFileType = sourcecode.swift; path = EditingView.swift; sourceTree = "<group>"; };
		D7B409562505840000BFF61E /* SubmitButtonParts.swift */ = {isa = PBXFileReference; fileEncoding = 4; lastKnownFileType = sourcecode.swift; path = SubmitButtonParts.swift; sourceTree = "<group>"; };
		D7B409582505840000BFF61E /* TextFieldParts.swift */ = {isa = PBXFileReference; fileEncoding = 4; lastKnownFileType = sourcecode.swift; path = TextFieldParts.swift; sourceTree = "<group>"; };
		D7B4095B2505840000BFF61E /* CardView.swift */ = {isa = PBXFileReference; fileEncoding = 4; lastKnownFileType = sourcecode.swift; path = CardView.swift; sourceTree = "<group>"; };
		D7B4095D2505840000BFF61E /* SheduleView.swift */ = {isa = PBXFileReference; fileEncoding = 4; lastKnownFileType = sourcecode.swift; path = SheduleView.swift; sourceTree = "<group>"; };
		D7B4095F2505840000BFF61E /* InputModifier.swift */ = {isa = PBXFileReference; fileEncoding = 4; lastKnownFileType = sourcecode.swift; path = InputModifier.swift; sourceTree = "<group>"; };
		D7B409602505840000BFF61E /* CustomDateFormatter.swift */ = {isa = PBXFileReference; fileEncoding = 4; lastKnownFileType = sourcecode.swift; path = CustomDateFormatter.swift; sourceTree = "<group>"; };
		D7B409612505840000BFF61E /* DateUtils.swift */ = {isa = PBXFileReference; fileEncoding = 4; lastKnownFileType = sourcecode.swift; path = DateUtils.swift; sourceTree = "<group>"; };
		D7B409632505840000BFF61E /* SheduleViewModel.swift */ = {isa = PBXFileReference; fileEncoding = 4; lastKnownFileType = sourcecode.swift; path = SheduleViewModel.swift; sourceTree = "<group>"; };
		D7B409762505883900BFF61E /* UserView.swift */ = {isa = PBXFileReference; lastKnownFileType = sourcecode.swift; path = UserView.swift; sourceTree = "<group>"; };
		D7BF04EA2502CC68003D66F6 /* SampleModel.swift */ = {isa = PBXFileReference; lastKnownFileType = sourcecode.swift; path = SampleModel.swift; sourceTree = "<group>"; };
		D7BF04EC2502F69B003D66F6 /* SampleViewModel.swift */ = {isa = PBXFileReference; lastKnownFileType = sourcecode.swift; path = SampleViewModel.swift; sourceTree = "<group>"; };
		D7BF04EE25030820003D66F6 /* Podfile */ = {isa = PBXFileReference; fileEncoding = 4; lastKnownFileType = text; path = Podfile; sourceTree = SOURCE_ROOT; };
		D7BF04F225030D32003D66F6 /* .swiftlint.yml */ = {isa = PBXFileReference; lastKnownFileType = text.yaml; path = .swiftlint.yml; sourceTree = "<group>"; };
/* End PBXFileReference section */

/* Begin PBXFrameworksBuildPhase section */
		D793C58724FC4DBA00052127 /* Frameworks */ = {
			isa = PBXFrameworksBuildPhase;
			buildActionMask = 2147483647;
			files = (
				D7CADE9424FEDE1800AF7169 /* RealmSwift in Frameworks */,
				D7CADE9224FEDE1800AF7169 /* Realm in Frameworks */,
			);
			runOnlyForDeploymentPostprocessing = 0;
		};
		D793C5A024FC4DBC00052127 /* Frameworks */ = {
			isa = PBXFrameworksBuildPhase;
			buildActionMask = 2147483647;
			files = (
				03801716516AEF191AF86FBD /* libPods-SheduleAppTests.a in Frameworks */,
			);
			runOnlyForDeploymentPostprocessing = 0;
		};
		D793C5AB24FC4DBC00052127 /* Frameworks */ = {
			isa = PBXFrameworksBuildPhase;
			buildActionMask = 2147483647;
			files = (
				A106A38399159236FA84DA8E /* libPods-SheduleApp-SheduleAppUITests.a in Frameworks */,
			);
			runOnlyForDeploymentPostprocessing = 0;
		};
/* End PBXFrameworksBuildPhase section */

/* Begin PBXGroup section */
		42C436F0DBDB031C4D67D16E /* Frameworks */ = {
			isa = PBXGroup;
			children = (
				C7E132DB3659FDA8C42927FF /* libPods-SheduleApp.a */,
				6933673E722DFD637E36DEB4 /* libPods-SheduleApp-SheduleAppUITests.a */,
				A958AF0B42EA9702C60054B4 /* libPods-SheduleAppTests.a */,
			);
			name = Frameworks;
			sourceTree = "<group>";
		};
		D715EFC024FED5CB00FE09A8 /* Sample */ = {
			isa = PBXGroup;
			children = (
				D715EFC124FED5EA00FE09A8 /* Sample.swift */,
				D7BF04EA2502CC68003D66F6 /* SampleModel.swift */,
				D7BF04EC2502F69B003D66F6 /* SampleViewModel.swift */,
			);
			path = Sample;
			sourceTree = "<group>";
		};
		D78BE1AA250EC61500C7A1BC /* Parts */ = {
			isa = PBXGroup;
			children = (
				D78BE1AB250EC64F00C7A1BC /* EditIconButtonParts.swift */,
			);
			path = Parts;
			sourceTree = "<group>";
		};
		D793C58124FC4DBA00052127 = {
			isa = PBXGroup;
			children = (
				D7BF04F225030D32003D66F6 /* .swiftlint.yml */,
				D7BF04EE25030820003D66F6 /* Podfile */,
				D793C58C24FC4DBA00052127 /* SheduleApp */,
				D793C5A624FC4DBC00052127 /* SheduleAppTests */,
				D793C5B124FC4DBC00052127 /* SheduleAppUITests */,
				D793C58B24FC4DBA00052127 /* Products */,
				F734D6C483EA97BCE0763B5F /* Pods */,
				42C436F0DBDB031C4D67D16E /* Frameworks */,
			);
			sourceTree = "<group>";
		};
		D793C58B24FC4DBA00052127 /* Products */ = {
			isa = PBXGroup;
			children = (
				D793C58A24FC4DBA00052127 /* SheduleApp.app */,
				D793C5A324FC4DBC00052127 /* SheduleAppTests.xctest */,
				D793C5AE24FC4DBC00052127 /* SheduleAppUITests.xctest */,
			);
			name = Products;
			sourceTree = "<group>";
		};
		D793C58C24FC4DBA00052127 /* SheduleApp */ = {
			isa = PBXGroup;
			children = (
				D7B409742505880D00BFF61E /* User */,
				D7B4094E2505835800BFF61E /* Shedule */,
				D715EFC024FED5CB00FE09A8 /* Sample */,
				D793C58D24FC4DBA00052127 /* AppDelegate.swift */,
				D793C58F24FC4DBA00052127 /* SceneDelegate.swift */,
				D793C59424FC4DBA00052127 /* ContentView.swift */,
				D793C59624FC4DBB00052127 /* Assets.xcassets */,
				D793C59B24FC4DBB00052127 /* LaunchScreen.storyboard */,
				D793C59E24FC4DBB00052127 /* Info.plist */,
				D793C59124FC4DBA00052127 /* SheduleApp.xcdatamodeld */,
				D793C59824FC4DBB00052127 /* Preview Content */,
			);
			path = SheduleApp;
			sourceTree = "<group>";
		};
		D793C59824FC4DBB00052127 /* Preview Content */ = {
			isa = PBXGroup;
			children = (
				D793C59924FC4DBB00052127 /* Preview Assets.xcassets */,
			);
			path = "Preview Content";
			sourceTree = "<group>";
		};
		D793C5A624FC4DBC00052127 /* SheduleAppTests */ = {
			isa = PBXGroup;
			children = (
				D793C5A724FC4DBC00052127 /* SheduleAppTests.swift */,
				D793C5A924FC4DBC00052127 /* Info.plist */,
			);
			path = SheduleAppTests;
			sourceTree = "<group>";
		};
		D793C5B124FC4DBC00052127 /* SheduleAppUITests */ = {
			isa = PBXGroup;
			children = (
				D793C5B224FC4DBC00052127 /* SheduleAppUITests.swift */,
				D793C5B424FC4DBC00052127 /* Info.plist */,
			);
			path = SheduleAppUITests;
			sourceTree = "<group>";
		};
		D7B4094E2505835800BFF61E /* Shedule */ = {
			isa = PBXGroup;
			children = (
				D7B4094F2505840000BFF61E /* Model */,
				D7B4095E2505840000BFF61E /* Util */,
				D7B409512505840000BFF61E /* View */,
				D7B409622505840000BFF61E /* ViewModel */,
			);
			path = Shedule;
			sourceTree = "<group>";
		};
		D7B4094F2505840000BFF61E /* Model */ = {
			isa = PBXGroup;
			children = (
				D7B409502505840000BFF61E /* SheduleModel.swift */,
			);
			path = Model;
			sourceTree = "<group>";
		};
		D7B409512505840000BFF61E /* View */ = {
			isa = PBXGroup;
			children = (
				D7B4095D2505840000BFF61E /* SheduleView.swift */,
				D7B4097A25058E1700BFF61E /* Card */,
				D7B4097825058DA400BFF61E /* Editing */,
			);
			path = View;
			sourceTree = "<group>";
		};
		D7B4095E2505840000BFF61E /* Util */ = {
			isa = PBXGroup;
			children = (
				D7B4095F2505840000BFF61E /* InputModifier.swift */,
				D7B409602505840000BFF61E /* CustomDateFormatter.swift */,
				D7B409612505840000BFF61E /* DateUtils.swift */,
			);
			path = Util;
			sourceTree = "<group>";
		};
		D7B409622505840000BFF61E /* ViewModel */ = {
			isa = PBXGroup;
			children = (
				D7B409632505840000BFF61E /* SheduleViewModel.swift */,
			);
			path = ViewModel;
			sourceTree = "<group>";
		};
		D7B409742505880D00BFF61E /* User */ = {
			isa = PBXGroup;
			children = (
				D7B409752505881E00BFF61E /* View */,
			);
			path = User;
			sourceTree = "<group>";
		};
		D7B409752505881E00BFF61E /* View */ = {
			isa = PBXGroup;
			children = (
				D7B409762505883900BFF61E /* UserView.swift */,
			);
			path = View;
			sourceTree = "<group>";
		};
		D7B4097825058DA400BFF61E /* Editing */ = {
			isa = PBXGroup;
			children = (
				D7B409552505840000BFF61E /* EditingView.swift */,
				D7B409522505840000BFF61E /* EditingFloatingActionButton.swift */,
				D7B4097925058DE900BFF61E /* Parts */,
			);
			path = Editing;
			sourceTree = "<group>";
		};
		D7B4097925058DE900BFF61E /* Parts */ = {
			isa = PBXGroup;
			children = (
				D7B409582505840000BFF61E /* TextFieldParts.swift */,
				D7B409562505840000BFF61E /* SubmitButtonParts.swift */,
				D7B409542505840000BFF61E /* DeadlineParts.swift */,
			);
			path = Parts;
			sourceTree = "<group>";
		};
		D7B4097A25058E1700BFF61E /* Card */ = {
			isa = PBXGroup;
			children = (
				D7B4095B2505840000BFF61E /* CardView.swift */,
				D78BE1AA250EC61500C7A1BC /* Parts */,
			);
			path = Card;
			sourceTree = "<group>";
		};
		F734D6C483EA97BCE0763B5F /* Pods */ = {
			isa = PBXGroup;
			children = (
				5F04511DCA95BA12E1A56DC6 /* Pods-SheduleApp.debug.xcconfig */,
				3C80A590A3F5720AB806D12B /* Pods-SheduleApp.release.xcconfig */,
				4F660789AC22A41893B39BBF /* Pods-SheduleApp-SheduleAppUITests.debug.xcconfig */,
				3A43D215911861FB6BC132E0 /* Pods-SheduleApp-SheduleAppUITests.release.xcconfig */,
				D115381DDBC8B923130F74DB /* Pods-SheduleAppTests.debug.xcconfig */,
				572FA76EF1F4B64FA82EB699 /* Pods-SheduleAppTests.release.xcconfig */,
			);
			path = Pods;
			sourceTree = "<group>";
		};
/* End PBXGroup section */

/* Begin PBXNativeTarget section */
		D793C58924FC4DBA00052127 /* SheduleApp */ = {
			isa = PBXNativeTarget;
			buildConfigurationList = D793C5B724FC4DBC00052127 /* Build configuration list for PBXNativeTarget "SheduleApp" */;
			buildPhases = (
				C4B6AA6E212596BD23BA0226 /* [CP] Check Pods Manifest.lock */,
				D7BF04F025030BEB003D66F6 /* Swift Format */,
				D793C58624FC4DBA00052127 /* Sources */,
				D793C58724FC4DBA00052127 /* Frameworks */,
				D793C58824FC4DBA00052127 /* Resources */,
				D7BF04F125030CE5003D66F6 /* Swift Lint */,
			);
			buildRules = (
			);
			dependencies = (
			);
			name = SheduleApp;
			packageProductDependencies = (
				D7CADE9124FEDE1800AF7169 /* Realm */,
				D7CADE9324FEDE1800AF7169 /* RealmSwift */,
			);
			productName = SheduleApp;
			productReference = D793C58A24FC4DBA00052127 /* SheduleApp.app */;
			productType = "com.apple.product-type.application";
		};
		D793C5A224FC4DBC00052127 /* SheduleAppTests */ = {
			isa = PBXNativeTarget;
			buildConfigurationList = D793C5BA24FC4DBC00052127 /* Build configuration list for PBXNativeTarget "SheduleAppTests" */;
			buildPhases = (
				BC157B5817DB019824C89D36 /* [CP] Check Pods Manifest.lock */,
				D793C59F24FC4DBC00052127 /* Sources */,
				D793C5A024FC4DBC00052127 /* Frameworks */,
				D793C5A124FC4DBC00052127 /* Resources */,
			);
			buildRules = (
			);
			dependencies = (
				D793C5A524FC4DBC00052127 /* PBXTargetDependency */,
			);
			name = SheduleAppTests;
			productName = SheduleAppTests;
			productReference = D793C5A324FC4DBC00052127 /* SheduleAppTests.xctest */;
			productType = "com.apple.product-type.bundle.unit-test";
		};
		D793C5AD24FC4DBC00052127 /* SheduleAppUITests */ = {
			isa = PBXNativeTarget;
			buildConfigurationList = D793C5BD24FC4DBC00052127 /* Build configuration list for PBXNativeTarget "SheduleAppUITests" */;
			buildPhases = (
				3EE43750FB810FD6C57F8953 /* [CP] Check Pods Manifest.lock */,
				D793C5AA24FC4DBC00052127 /* Sources */,
				D793C5AB24FC4DBC00052127 /* Frameworks */,
				D793C5AC24FC4DBC00052127 /* Resources */,
			);
			buildRules = (
			);
			dependencies = (
				D793C5B024FC4DBC00052127 /* PBXTargetDependency */,
			);
			name = SheduleAppUITests;
			productName = SheduleAppUITests;
			productReference = D793C5AE24FC4DBC00052127 /* SheduleAppUITests.xctest */;
			productType = "com.apple.product-type.bundle.ui-testing";
		};
/* End PBXNativeTarget section */

/* Begin PBXProject section */
		D793C58224FC4DBA00052127 /* Project object */ = {
			isa = PBXProject;
			attributes = {
				LastSwiftUpdateCheck = 1160;
				LastUpgradeCheck = 1160;
				ORGANIZATIONNAME = "開発";
				TargetAttributes = {
					D793C58924FC4DBA00052127 = {
						CreatedOnToolsVersion = 11.6;
					};
					D793C5A224FC4DBC00052127 = {
						CreatedOnToolsVersion = 11.6;
						TestTargetID = D793C58924FC4DBA00052127;
					};
					D793C5AD24FC4DBC00052127 = {
						CreatedOnToolsVersion = 11.6;
						TestTargetID = D793C58924FC4DBA00052127;
					};
				};
			};
			buildConfigurationList = D793C58524FC4DBA00052127 /* Build configuration list for PBXProject "SheduleApp" */;
			compatibilityVersion = "Xcode 9.3";
			developmentRegion = en;
			hasScannedForEncodings = 0;
			knownRegions = (
				en,
				Base,
			);
			mainGroup = D793C58124FC4DBA00052127;
			packageReferences = (
				D7CADE9024FEDE1800AF7169 /* XCRemoteSwiftPackageReference "realm-cocoa" */,
			);
			productRefGroup = D793C58B24FC4DBA00052127 /* Products */;
			projectDirPath = "";
			projectRoot = "";
			targets = (
				D793C58924FC4DBA00052127 /* SheduleApp */,
				D793C5A224FC4DBC00052127 /* SheduleAppTests */,
				D793C5AD24FC4DBC00052127 /* SheduleAppUITests */,
			);
		};
/* End PBXProject section */

/* Begin PBXResourcesBuildPhase section */
		D793C58824FC4DBA00052127 /* Resources */ = {
			isa = PBXResourcesBuildPhase;
			buildActionMask = 2147483647;
			files = (
				D7BF04F325030D32003D66F6 /* .swiftlint.yml in Resources */,
				D793C59D24FC4DBB00052127 /* LaunchScreen.storyboard in Resources */,
				D793C59A24FC4DBB00052127 /* Preview Assets.xcassets in Resources */,
				D7BF04EF25030820003D66F6 /* Podfile in Resources */,
				D793C59724FC4DBB00052127 /* Assets.xcassets in Resources */,
			);
			runOnlyForDeploymentPostprocessing = 0;
		};
		D793C5A124FC4DBC00052127 /* Resources */ = {
			isa = PBXResourcesBuildPhase;
			buildActionMask = 2147483647;
			files = (
			);
			runOnlyForDeploymentPostprocessing = 0;
		};
		D793C5AC24FC4DBC00052127 /* Resources */ = {
			isa = PBXResourcesBuildPhase;
			buildActionMask = 2147483647;
			files = (
			);
			runOnlyForDeploymentPostprocessing = 0;
		};
/* End PBXResourcesBuildPhase section */

/* Begin PBXShellScriptBuildPhase section */
		3EE43750FB810FD6C57F8953 /* [CP] Check Pods Manifest.lock */ = {
			isa = PBXShellScriptBuildPhase;
			buildActionMask = 2147483647;
			files = (
			);
			inputFileListPaths = (
			);
			inputPaths = (
				"${PODS_PODFILE_DIR_PATH}/Podfile.lock",
				"${PODS_ROOT}/Manifest.lock",
			);
			name = "[CP] Check Pods Manifest.lock";
			outputFileListPaths = (
			);
			outputPaths = (
				"$(DERIVED_FILE_DIR)/Pods-SheduleApp-SheduleAppUITests-checkManifestLockResult.txt",
			);
			runOnlyForDeploymentPostprocessing = 0;
			shellPath = /bin/sh;
			shellScript = "diff \"${PODS_PODFILE_DIR_PATH}/Podfile.lock\" \"${PODS_ROOT}/Manifest.lock\" > /dev/null\nif [ $? != 0 ] ; then\n    # print error to STDERR\n    echo \"error: The sandbox is not in sync with the Podfile.lock. Run 'pod install' or update your CocoaPods installation.\" >&2\n    exit 1\nfi\n# This output is used by Xcode 'outputs' to avoid re-running this script phase.\necho \"SUCCESS\" > \"${SCRIPT_OUTPUT_FILE_0}\"\n";
			showEnvVarsInLog = 0;
		};
		BC157B5817DB019824C89D36 /* [CP] Check Pods Manifest.lock */ = {
			isa = PBXShellScriptBuildPhase;
			buildActionMask = 2147483647;
			files = (
			);
			inputFileListPaths = (
			);
			inputPaths = (
				"${PODS_PODFILE_DIR_PATH}/Podfile.lock",
				"${PODS_ROOT}/Manifest.lock",
			);
			name = "[CP] Check Pods Manifest.lock";
			outputFileListPaths = (
			);
			outputPaths = (
				"$(DERIVED_FILE_DIR)/Pods-SheduleAppTests-checkManifestLockResult.txt",
			);
			runOnlyForDeploymentPostprocessing = 0;
			shellPath = /bin/sh;
			shellScript = "diff \"${PODS_PODFILE_DIR_PATH}/Podfile.lock\" \"${PODS_ROOT}/Manifest.lock\" > /dev/null\nif [ $? != 0 ] ; then\n    # print error to STDERR\n    echo \"error: The sandbox is not in sync with the Podfile.lock. Run 'pod install' or update your CocoaPods installation.\" >&2\n    exit 1\nfi\n# This output is used by Xcode 'outputs' to avoid re-running this script phase.\necho \"SUCCESS\" > \"${SCRIPT_OUTPUT_FILE_0}\"\n";
			showEnvVarsInLog = 0;
		};
		C4B6AA6E212596BD23BA0226 /* [CP] Check Pods Manifest.lock */ = {
			isa = PBXShellScriptBuildPhase;
			buildActionMask = 2147483647;
			files = (
			);
			inputFileListPaths = (
			);
			inputPaths = (
				"${PODS_PODFILE_DIR_PATH}/Podfile.lock",
				"${PODS_ROOT}/Manifest.lock",
			);
			name = "[CP] Check Pods Manifest.lock";
			outputFileListPaths = (
			);
			outputPaths = (
				"$(DERIVED_FILE_DIR)/Pods-SheduleApp-checkManifestLockResult.txt",
			);
			runOnlyForDeploymentPostprocessing = 0;
			shellPath = /bin/sh;
			shellScript = "diff \"${PODS_PODFILE_DIR_PATH}/Podfile.lock\" \"${PODS_ROOT}/Manifest.lock\" > /dev/null\nif [ $? != 0 ] ; then\n    # print error to STDERR\n    echo \"error: The sandbox is not in sync with the Podfile.lock. Run 'pod install' or update your CocoaPods installation.\" >&2\n    exit 1\nfi\n# This output is used by Xcode 'outputs' to avoid re-running this script phase.\necho \"SUCCESS\" > \"${SCRIPT_OUTPUT_FILE_0}\"\n";
			showEnvVarsInLog = 0;
		};
		D7BF04F025030BEB003D66F6 /* Swift Format */ = {
			isa = PBXShellScriptBuildPhase;
			buildActionMask = 2147483647;
			files = (
			);
			inputFileListPaths = (
			);
			inputPaths = (
			);
			name = "Swift Format";
			outputFileListPaths = (
			);
			outputPaths = (
			);
			runOnlyForDeploymentPostprocessing = 0;
			shellPath = /bin/sh;
			shellScript = "\"${PODS_ROOT}/SwiftFormat/CommandLineTool/swiftformat\" . --swiftversion 5.2.4 --exclude Carthage,Pods --stripunusedargs closure-only --disable strongOutlets,trailingCommas --indent 2 --allman false --binarygrouping none --closingparen balanced --commas inline --conflictmarkers reject --decimalgrouping none --elseposition same-line --exponentcase lowercase --exponentgrouping disabled --fractiongrouping disabled --fragment false --header ignore --hexgrouping none --hexliteralcase uppercase --ifdef indent --importgrouping alphabetized --indentcase false --linebreaks lf --octalgrouping none --operatorfunc spaced --patternlet hoist --self remove --selfrequired --semicolons inline --stripunusedargs closure-only --trailingclosures --trimwhitespace always --wraparguments before-first --wrapcollections before-first\n";
		};
		D7BF04F125030CE5003D66F6 /* Swift Lint */ = {
			isa = PBXShellScriptBuildPhase;
			buildActionMask = 2147483647;
			files = (
			);
			inputFileListPaths = (
			);
			inputPaths = (
			);
			name = "Swift Lint";
			outputFileListPaths = (
			);
			outputPaths = (
			);
			runOnlyForDeploymentPostprocessing = 0;
			shellPath = /bin/sh;
			shellScript = "# Type a script or drag a script file from your workspace to insert its path.\n\"${PODS_ROOT}/SwiftLint/swiftlint\"\n";
		};
/* End PBXShellScriptBuildPhase section */

/* Begin PBXSourcesBuildPhase section */
		D793C58624FC4DBA00052127 /* Sources */ = {
			isa = PBXSourcesBuildPhase;
			buildActionMask = 2147483647;
			files = (
				D715EFC224FED5EA00FE09A8 /* Sample.swift in Sources */,
				D78BE1AC250EC64F00C7A1BC /* EditIconButtonParts.swift in Sources */,
				D7B409642505840000BFF61E /* SheduleModel.swift in Sources */,
				D7B4096F2505840000BFF61E /* SheduleView.swift in Sources */,
				D7B409692505840000BFF61E /* SubmitButtonParts.swift in Sources */,
				D7B409682505840000BFF61E /* EditingView.swift in Sources */,
				D7BF04EB2502CC68003D66F6 /* SampleModel.swift in Sources */,
				D7B409672505840000BFF61E /* DeadlineParts.swift in Sources */,
				D7B409722505840000BFF61E /* DateUtils.swift in Sources */,
				D793C58E24FC4DBA00052127 /* AppDelegate.swift in Sources */,
				D7B409652505840000BFF61E /* EditingFloatingActionButton.swift in Sources */,
				D7BF04ED2502F69B003D66F6 /* SampleViewModel.swift in Sources */,
				D793C59024FC4DBA00052127 /* SceneDelegate.swift in Sources */,
				D793C59524FC4DBA00052127 /* ContentView.swift in Sources */,
				D7B4096B2505840000BFF61E /* TextFieldParts.swift in Sources */,
				D7B409712505840000BFF61E /* CustomDateFormatter.swift in Sources */,
				D7B409772505883900BFF61E /* UserView.swift in Sources */,
				D7B409732505840000BFF61E /* SheduleViewModel.swift in Sources */,
				D7B409702505840000BFF61E /* InputModifier.swift in Sources */,
				D7B4096D2505840000BFF61E /* CardView.swift in Sources */,
				D793C59324FC4DBA00052127 /* SheduleApp.xcdatamodeld in Sources */,
			);
			runOnlyForDeploymentPostprocessing = 0;
		};
		D793C59F24FC4DBC00052127 /* Sources */ = {
			isa = PBXSourcesBuildPhase;
			buildActionMask = 2147483647;
			files = (
				D793C5A824FC4DBC00052127 /* SheduleAppTests.swift in Sources */,
			);
			runOnlyForDeploymentPostprocessing = 0;
		};
		D793C5AA24FC4DBC00052127 /* Sources */ = {
			isa = PBXSourcesBuildPhase;
			buildActionMask = 2147483647;
			files = (
				D793C5B324FC4DBC00052127 /* SheduleAppUITests.swift in Sources */,
			);
			runOnlyForDeploymentPostprocessing = 0;
		};
/* End PBXSourcesBuildPhase section */

/* Begin PBXTargetDependency section */
		D793C5A524FC4DBC00052127 /* PBXTargetDependency */ = {
			isa = PBXTargetDependency;
			target = D793C58924FC4DBA00052127 /* SheduleApp */;
			targetProxy = D793C5A424FC4DBC00052127 /* PBXContainerItemProxy */;
		};
		D793C5B024FC4DBC00052127 /* PBXTargetDependency */ = {
			isa = PBXTargetDependency;
			target = D793C58924FC4DBA00052127 /* SheduleApp */;
			targetProxy = D793C5AF24FC4DBC00052127 /* PBXContainerItemProxy */;
		};
/* End PBXTargetDependency section */

/* Begin PBXVariantGroup section */
		D793C59B24FC4DBB00052127 /* LaunchScreen.storyboard */ = {
			isa = PBXVariantGroup;
			children = (
				D793C59C24FC4DBB00052127 /* Base */,
			);
			name = LaunchScreen.storyboard;
			sourceTree = "<group>";
		};
/* End PBXVariantGroup section */

/* Begin XCBuildConfiguration section */
		D793C5B524FC4DBC00052127 /* Debug */ = {
			isa = XCBuildConfiguration;
			buildSettings = {
				ALWAYS_SEARCH_USER_PATHS = NO;
				CLANG_ANALYZER_NONNULL = YES;
				CLANG_ANALYZER_NUMBER_OBJECT_CONVERSION = YES_AGGRESSIVE;
				CLANG_CXX_LANGUAGE_STANDARD = "gnu++14";
				CLANG_CXX_LIBRARY = "libc++";
				CLANG_ENABLE_MODULES = YES;
				CLANG_ENABLE_OBJC_ARC = YES;
				CLANG_ENABLE_OBJC_WEAK = YES;
				CLANG_WARN_BLOCK_CAPTURE_AUTORELEASING = YES;
				CLANG_WARN_BOOL_CONVERSION = YES;
				CLANG_WARN_COMMA = YES;
				CLANG_WARN_CONSTANT_CONVERSION = YES;
				CLANG_WARN_DEPRECATED_OBJC_IMPLEMENTATIONS = YES;
				CLANG_WARN_DIRECT_OBJC_ISA_USAGE = YES_ERROR;
				CLANG_WARN_DOCUMENTATION_COMMENTS = YES;
				CLANG_WARN_EMPTY_BODY = YES;
				CLANG_WARN_ENUM_CONVERSION = YES;
				CLANG_WARN_INFINITE_RECURSION = YES;
				CLANG_WARN_INT_CONVERSION = YES;
				CLANG_WARN_NON_LITERAL_NULL_CONVERSION = YES;
				CLANG_WARN_OBJC_IMPLICIT_RETAIN_SELF = YES;
				CLANG_WARN_OBJC_LITERAL_CONVERSION = YES;
				CLANG_WARN_OBJC_ROOT_CLASS = YES_ERROR;
				CLANG_WARN_RANGE_LOOP_ANALYSIS = YES;
				CLANG_WARN_STRICT_PROTOTYPES = YES;
				CLANG_WARN_SUSPICIOUS_MOVE = YES;
				CLANG_WARN_UNGUARDED_AVAILABILITY = YES_AGGRESSIVE;
				CLANG_WARN_UNREACHABLE_CODE = YES;
				CLANG_WARN__DUPLICATE_METHOD_MATCH = YES;
				COPY_PHASE_STRIP = NO;
				DEBUG_INFORMATION_FORMAT = dwarf;
				ENABLE_STRICT_OBJC_MSGSEND = YES;
				ENABLE_TESTABILITY = YES;
				GCC_C_LANGUAGE_STANDARD = gnu11;
				GCC_DYNAMIC_NO_PIC = NO;
				GCC_NO_COMMON_BLOCKS = YES;
				GCC_OPTIMIZATION_LEVEL = 0;
				GCC_PREPROCESSOR_DEFINITIONS = (
					"DEBUG=1",
					"$(inherited)",
				);
				GCC_WARN_64_TO_32_BIT_CONVERSION = YES;
				GCC_WARN_ABOUT_RETURN_TYPE = YES_ERROR;
				GCC_WARN_UNDECLARED_SELECTOR = YES;
				GCC_WARN_UNINITIALIZED_AUTOS = YES_AGGRESSIVE;
				GCC_WARN_UNUSED_FUNCTION = YES;
				GCC_WARN_UNUSED_VARIABLE = YES;
				IPHONEOS_DEPLOYMENT_TARGET = 13.6;
				MTL_ENABLE_DEBUG_INFO = INCLUDE_SOURCE;
				MTL_FAST_MATH = YES;
				ONLY_ACTIVE_ARCH = YES;
				SDKROOT = iphoneos;
				SWIFT_ACTIVE_COMPILATION_CONDITIONS = DEBUG;
				SWIFT_OPTIMIZATION_LEVEL = "-Onone";
			};
			name = Debug;
		};
		D793C5B624FC4DBC00052127 /* Release */ = {
			isa = XCBuildConfiguration;
			buildSettings = {
				ALWAYS_SEARCH_USER_PATHS = NO;
				CLANG_ANALYZER_NONNULL = YES;
				CLANG_ANALYZER_NUMBER_OBJECT_CONVERSION = YES_AGGRESSIVE;
				CLANG_CXX_LANGUAGE_STANDARD = "gnu++14";
				CLANG_CXX_LIBRARY = "libc++";
				CLANG_ENABLE_MODULES = YES;
				CLANG_ENABLE_OBJC_ARC = YES;
				CLANG_ENABLE_OBJC_WEAK = YES;
				CLANG_WARN_BLOCK_CAPTURE_AUTORELEASING = YES;
				CLANG_WARN_BOOL_CONVERSION = YES;
				CLANG_WARN_COMMA = YES;
				CLANG_WARN_CONSTANT_CONVERSION = YES;
				CLANG_WARN_DEPRECATED_OBJC_IMPLEMENTATIONS = YES;
				CLANG_WARN_DIRECT_OBJC_ISA_USAGE = YES_ERROR;
				CLANG_WARN_DOCUMENTATION_COMMENTS = YES;
				CLANG_WARN_EMPTY_BODY = YES;
				CLANG_WARN_ENUM_CONVERSION = YES;
				CLANG_WARN_INFINITE_RECURSION = YES;
				CLANG_WARN_INT_CONVERSION = YES;
				CLANG_WARN_NON_LITERAL_NULL_CONVERSION = YES;
				CLANG_WARN_OBJC_IMPLICIT_RETAIN_SELF = YES;
				CLANG_WARN_OBJC_LITERAL_CONVERSION = YES;
				CLANG_WARN_OBJC_ROOT_CLASS = YES_ERROR;
				CLANG_WARN_RANGE_LOOP_ANALYSIS = YES;
				CLANG_WARN_STRICT_PROTOTYPES = YES;
				CLANG_WARN_SUSPICIOUS_MOVE = YES;
				CLANG_WARN_UNGUARDED_AVAILABILITY = YES_AGGRESSIVE;
				CLANG_WARN_UNREACHABLE_CODE = YES;
				CLANG_WARN__DUPLICATE_METHOD_MATCH = YES;
				COPY_PHASE_STRIP = NO;
				DEBUG_INFORMATION_FORMAT = "dwarf-with-dsym";
				ENABLE_NS_ASSERTIONS = NO;
				ENABLE_STRICT_OBJC_MSGSEND = YES;
				GCC_C_LANGUAGE_STANDARD = gnu11;
				GCC_NO_COMMON_BLOCKS = YES;
				GCC_WARN_64_TO_32_BIT_CONVERSION = YES;
				GCC_WARN_ABOUT_RETURN_TYPE = YES_ERROR;
				GCC_WARN_UNDECLARED_SELECTOR = YES;
				GCC_WARN_UNINITIALIZED_AUTOS = YES_AGGRESSIVE;
				GCC_WARN_UNUSED_FUNCTION = YES;
				GCC_WARN_UNUSED_VARIABLE = YES;
				IPHONEOS_DEPLOYMENT_TARGET = 13.6;
				MTL_ENABLE_DEBUG_INFO = NO;
				MTL_FAST_MATH = YES;
				SDKROOT = iphoneos;
				SWIFT_COMPILATION_MODE = wholemodule;
				SWIFT_OPTIMIZATION_LEVEL = "-O";
				VALIDATE_PRODUCT = YES;
			};
			name = Release;
		};
		D793C5B824FC4DBC00052127 /* Debug */ = {
			isa = XCBuildConfiguration;
			baseConfigurationReference = 5F04511DCA95BA12E1A56DC6 /* Pods-SheduleApp.debug.xcconfig */;
			buildSettings = {
				ASSETCATALOG_COMPILER_APPICON_NAME = AppIcon;
				CODE_SIGN_STYLE = Automatic;
				DEVELOPMENT_ASSET_PATHS = "\"SheduleApp/Preview Content\"";
				DEVELOPMENT_TEAM = ZQ7SFVB57U;
				ENABLE_PREVIEWS = YES;
				INFOPLIST_FILE = SheduleApp/Info.plist;
				LD_RUNPATH_SEARCH_PATHS = (
					"$(inherited)",
					"@executable_path/Frameworks",
				);
				PRODUCT_BUNDLE_IDENTIFIER = com.ampersand.SheduleApp;
				PRODUCT_NAME = "$(TARGET_NAME)";
				SWIFT_VERSION = 5.0;
				TARGETED_DEVICE_FAMILY = "1,2";
			};
			name = Debug;
		};
		D793C5B924FC4DBC00052127 /* Release */ = {
			isa = XCBuildConfiguration;
			baseConfigurationReference = 3C80A590A3F5720AB806D12B /* Pods-SheduleApp.release.xcconfig */;
			buildSettings = {
				ASSETCATALOG_COMPILER_APPICON_NAME = AppIcon;
				CODE_SIGN_STYLE = Automatic;
				DEVELOPMENT_ASSET_PATHS = "\"SheduleApp/Preview Content\"";
				DEVELOPMENT_TEAM = ZQ7SFVB57U;
				ENABLE_PREVIEWS = YES;
				INFOPLIST_FILE = SheduleApp/Info.plist;
				LD_RUNPATH_SEARCH_PATHS = (
					"$(inherited)",
					"@executable_path/Frameworks",
				);
				PRODUCT_BUNDLE_IDENTIFIER = com.ampersand.SheduleApp;
				PRODUCT_NAME = "$(TARGET_NAME)";
				SWIFT_VERSION = 5.0;
				TARGETED_DEVICE_FAMILY = "1,2";
			};
			name = Release;
		};
		D793C5BB24FC4DBC00052127 /* Debug */ = {
			isa = XCBuildConfiguration;
			baseConfigurationReference = D115381DDBC8B923130F74DB /* Pods-SheduleAppTests.debug.xcconfig */;
			buildSettings = {
				ALWAYS_EMBED_SWIFT_STANDARD_LIBRARIES = YES;
				BUNDLE_LOADER = "$(TEST_HOST)";
				CODE_SIGN_STYLE = Automatic;
				DEVELOPMENT_TEAM = ZQ7SFVB57U;
				INFOPLIST_FILE = SheduleAppTests/Info.plist;
				IPHONEOS_DEPLOYMENT_TARGET = 13.6;
				LD_RUNPATH_SEARCH_PATHS = (
					"$(inherited)",
					"@executable_path/Frameworks",
					"@loader_path/Frameworks",
				);
				PRODUCT_BUNDLE_IDENTIFIER = com.ampersand.SheduleAppTests;
				PRODUCT_NAME = "$(TARGET_NAME)";
				SWIFT_VERSION = 5.0;
				TARGETED_DEVICE_FAMILY = "1,2";
				TEST_HOST = "$(BUILT_PRODUCTS_DIR)/SheduleApp.app/SheduleApp";
			};
			name = Debug;
		};
		D793C5BC24FC4DBC00052127 /* Release */ = {
			isa = XCBuildConfiguration;
			baseConfigurationReference = 572FA76EF1F4B64FA82EB699 /* Pods-SheduleAppTests.release.xcconfig */;
			buildSettings = {
				ALWAYS_EMBED_SWIFT_STANDARD_LIBRARIES = YES;
				BUNDLE_LOADER = "$(TEST_HOST)";
				CODE_SIGN_STYLE = Automatic;
				DEVELOPMENT_TEAM = ZQ7SFVB57U;
				INFOPLIST_FILE = SheduleAppTests/Info.plist;
				IPHONEOS_DEPLOYMENT_TARGET = 13.6;
				LD_RUNPATH_SEARCH_PATHS = (
					"$(inherited)",
					"@executable_path/Frameworks",
					"@loader_path/Frameworks",
				);
				PRODUCT_BUNDLE_IDENTIFIER = com.ampersand.SheduleAppTests;
				PRODUCT_NAME = "$(TARGET_NAME)";
				SWIFT_VERSION = 5.0;
				TARGETED_DEVICE_FAMILY = "1,2";
				TEST_HOST = "$(BUILT_PRODUCTS_DIR)/SheduleApp.app/SheduleApp";
			};
			name = Release;
		};
		D793C5BE24FC4DBC00052127 /* Debug */ = {
			isa = XCBuildConfiguration;
			baseConfigurationReference = 4F660789AC22A41893B39BBF /* Pods-SheduleApp-SheduleAppUITests.debug.xcconfig */;
			buildSettings = {
				ALWAYS_EMBED_SWIFT_STANDARD_LIBRARIES = YES;
				CODE_SIGN_STYLE = Automatic;
				DEVELOPMENT_TEAM = ZQ7SFVB57U;
				INFOPLIST_FILE = SheduleAppUITests/Info.plist;
				LD_RUNPATH_SEARCH_PATHS = (
					"$(inherited)",
					"@executable_path/Frameworks",
					"@loader_path/Frameworks",
				);
				PRODUCT_BUNDLE_IDENTIFIER = com.ampersand.SheduleAppUITests;
				PRODUCT_NAME = "$(TARGET_NAME)";
				SWIFT_VERSION = 5.0;
				TARGETED_DEVICE_FAMILY = "1,2";
				TEST_TARGET_NAME = SheduleApp;
			};
			name = Debug;
		};
		D793C5BF24FC4DBC00052127 /* Release */ = {
			isa = XCBuildConfiguration;
			baseConfigurationReference = 3A43D215911861FB6BC132E0 /* Pods-SheduleApp-SheduleAppUITests.release.xcconfig */;
			buildSettings = {
				ALWAYS_EMBED_SWIFT_STANDARD_LIBRARIES = YES;
				CODE_SIGN_STYLE = Automatic;
				DEVELOPMENT_TEAM = ZQ7SFVB57U;
				INFOPLIST_FILE = SheduleAppUITests/Info.plist;
				LD_RUNPATH_SEARCH_PATHS = (
					"$(inherited)",
					"@executable_path/Frameworks",
					"@loader_path/Frameworks",
				);
				PRODUCT_BUNDLE_IDENTIFIER = com.ampersand.SheduleAppUITests;
				PRODUCT_NAME = "$(TARGET_NAME)";
				SWIFT_VERSION = 5.0;
				TARGETED_DEVICE_FAMILY = "1,2";
				TEST_TARGET_NAME = SheduleApp;
			};
			name = Release;
		};
/* End XCBuildConfiguration section */

/* Begin XCConfigurationList section */
		D793C58524FC4DBA00052127 /* Build configuration list for PBXProject "SheduleApp" */ = {
			isa = XCConfigurationList;
			buildConfigurations = (
				D793C5B524FC4DBC00052127 /* Debug */,
				D793C5B624FC4DBC00052127 /* Release */,
			);
			defaultConfigurationIsVisible = 0;
			defaultConfigurationName = Release;
		};
		D793C5B724FC4DBC00052127 /* Build configuration list for PBXNativeTarget "SheduleApp" */ = {
			isa = XCConfigurationList;
			buildConfigurations = (
				D793C5B824FC4DBC00052127 /* Debug */,
				D793C5B924FC4DBC00052127 /* Release */,
			);
			defaultConfigurationIsVisible = 0;
			defaultConfigurationName = Release;
		};
		D793C5BA24FC4DBC00052127 /* Build configuration list for PBXNativeTarget "SheduleAppTests" */ = {
			isa = XCConfigurationList;
			buildConfigurations = (
				D793C5BB24FC4DBC00052127 /* Debug */,
				D793C5BC24FC4DBC00052127 /* Release */,
			);
			defaultConfigurationIsVisible = 0;
			defaultConfigurationName = Release;
		};
		D793C5BD24FC4DBC00052127 /* Build configuration list for PBXNativeTarget "SheduleAppUITests" */ = {
			isa = XCConfigurationList;
			buildConfigurations = (
				D793C5BE24FC4DBC00052127 /* Debug */,
				D793C5BF24FC4DBC00052127 /* Release */,
			);
			defaultConfigurationIsVisible = 0;
			defaultConfigurationName = Release;
		};
/* End XCConfigurationList section */

/* Begin XCRemoteSwiftPackageReference section */
		D7CADE9024FEDE1800AF7169 /* XCRemoteSwiftPackageReference "realm-cocoa" */ = {
			isa = XCRemoteSwiftPackageReference;
			repositoryURL = "https://github.com/realm/realm-cocoa.git";
			requirement = {
				kind = upToNextMajorVersion;
				minimumVersion = 5.3.5;
			};
		};
/* End XCRemoteSwiftPackageReference section */

/* Begin XCSwiftPackageProductDependency section */
		D7CADE9124FEDE1800AF7169 /* Realm */ = {
			isa = XCSwiftPackageProductDependency;
			package = D7CADE9024FEDE1800AF7169 /* XCRemoteSwiftPackageReference "realm-cocoa" */;
			productName = Realm;
		};
		D7CADE9324FEDE1800AF7169 /* RealmSwift */ = {
			isa = XCSwiftPackageProductDependency;
			package = D7CADE9024FEDE1800AF7169 /* XCRemoteSwiftPackageReference "realm-cocoa" */;
			productName = RealmSwift;
		};
/* End XCSwiftPackageProductDependency section */

/* Begin XCVersionGroup section */
		D793C59124FC4DBA00052127 /* SheduleApp.xcdatamodeld */ = {
			isa = XCVersionGroup;
			children = (
				D793C59224FC4DBA00052127 /* SheduleApp.xcdatamodel */,
			);
			currentVersion = D793C59224FC4DBA00052127 /* SheduleApp.xcdatamodel */;
			path = SheduleApp.xcdatamodeld;
			sourceTree = "<group>";
			versionGroupType = wrapper.xcdatamodel;
		};
/* End XCVersionGroup section */
	};
	rootObject = D793C58224FC4DBA00052127 /* Project object */;
}
